
Microsoft Visual Studio Solution File, Format Version 12.00
# Visual Studio 15
VisualStudioVersion = 15.0.27703.2026
MinimumVisualStudioVersion = 10.0.40219.1
Project("{9A19103F-16F7-4668-BE54-9A1E7A4F7556}") = "JarvisApiCall", "JarvisApiCall.csproj", "{0F88A781-2D22-4E62-B1C4-E4E5E23435BD}"
EndProject
Global
	GlobalSection(SolutionConfigurationPlatforms) = preSolution
		Debug|Any CPU = Debug|Any CPU
		Release|Any CPU = Release|Any CPU
	EndGlobalSection
	GlobalSection(ProjectConfigurationPlatforms) = postSolution
		{0F88A781-2D22-4E62-B1C4-E4E5E23435BD}.Debug|Any CPU.ActiveCfg = Debug|Any CPU
		{0F88A781-2D22-4E62-B1C4-E4E5E23435BD}.Debug|Any CPU.Build.0 = Debug|Any CPU
		{0F88A781-2D22-4E62-B1C4-E4E5E23435BD}.Release|Any CPU.ActiveCfg = Release|Any CPU
		{0F88A781-2D22-4E62-B1C4-E4E5E23435BD}.Release|Any CPU.Build.0 = Release|Any CPU
	EndGlobalSection
	GlobalSection(SolutionProperties) = preSolution
		HideSolutionNode = FALSE
	EndGlobalSection
	GlobalSection(ExtensibilityGlobals) = postSolution
		SolutionGuid = {489A1AB3-25C1-4193-BCAF-9F82A1188565}
	EndGlobalSection
EndGlobal
